
Microsoft Visual Studio Solution File, Format Version 12.00
# Visual Studio Version 16
VisualStudioVersion = 16.0.31005.135
MinimumVisualStudioVersion = 10.0.40219.1
Project("{FAE04EC0-301F-11D3-BF4B-00C04F79EFBC}") = "ProfilerTest", "ProfilerTest.csproj", "{952AB5B4-F2C1-4111-9AD7-34E2B78DD0A6}"
EndProject
Global
	GlobalSection(SolutionConfigurationPlatforms) = preSolution
		Debug|Any CPU = Debug|Any CPU
		Release|Any CPU = Release|Any CPU
	EndGlobalSection
	GlobalSection(ProjectConfigurationPlatforms) = postSolution
		{952AB5B4-F2C1-4111-9AD7-34E2B78DD0A6}.Debug|Any CPU.ActiveCfg = Debug|Any CPU
		{952AB5B4-F2C1-4111-9AD7-34E2B78DD0A6}.Debug|Any CPU.Build.0 = Debug|Any CPU
		{952AB5B4-F2C1-4111-9AD7-34E2B78DD0A6}.Release|Any CPU.ActiveCfg = Release|Any CPU
		{952AB5B4-F2C1-4111-9AD7-34E2B78DD0A6}.Release|Any CPU.Build.0 = Release|Any CPU
	EndGlobalSection
	GlobalSection(SolutionProperties) = preSolution
		HideSolutionNode = FALSE
	EndGlobalSection
	GlobalSection(ExtensibilityGlobals) = postSolution
		SolutionGuid = {DA9F75A9-B942-4A3F-BA21-00BA844CF23E}
	EndGlobalSection
EndGlobal
